{
  "lockfile_version": "1",
  "packages": {
    "python@3.13.0": {
      "last_modified": "2024-10-03T23:40:58Z",
      "plugin_version": "0.0.4",
      "resolved": "github:NixOS/nixpkgs/73bed75dbd3de6d4fca3f81ce25a0cc7766afff6#python313",
      "source": "devbox-search",
      "version": "3.13.0rc3",
      "systems": {
        "aarch64-darwin": {
          "outputs": [
            {
              "name": "out",
              "path": "/nix/store/3jfximiwq68myxj6vqyrxj53r0pfh205-python3-3.13.0rc3",
              "default": true
            }
          ],
          "store_path": "/nix/store/3jfximiwq68myxj6vqyrxj53r0pfh205-python3-3.13.0rc3"
        },
        "aarch64-linux": {
          "outputs": [
            {
              "name": "out",
              "path": "/nix/store/6mnp0ibzx2z59kpl5mxkvpqvi5cdipad-python3-3.13.0rc3",
              "default": true
            },
            {
              "name": "debug",
              "path": "/nix/store/zba660s22810wlwx10a44skpqh6fxzp2-python3-3.13.0rc3-debug"
            }
          ],
          "store_path": "/nix/store/6mnp0ibzx2z59kpl5mxkvpqvi5cdipad-python3-3.13.0rc3"
        },
        "x86_64-darwin": {
          "outputs": [
            {
              "name": "out",
              "path": "/nix/store/gk17f2rvcpa2kds6kgapqa5h08byh2mg-python3-3.13.0rc3",
              "default": true
            }
          ],
          "store_path": "/nix/store/gk17f2rvcpa2kds6kgapqa5h08byh2mg-python3-3.13.0rc3"
        },
        "x86_64-linux": {
          "outputs": [
            {
              "name": "out",
              "path": "/nix/store/pw74vzixxwa3vcnhd40yfla97d8zk39q-python3-3.13.0rc3",
              "default": true
            },
            {
              "name": "debug",
              "path": "/nix/store/b1a3nq9z6y17dijyda990ifl27wpb292-python3-3.13.0rc3-debug"
            }
          ],
          "store_path": "/nix/store/pw74vzixxwa3vcnhd40yfla97d8zk39q-python3-3.13.0rc3"
        }
      }
    }
  }
}
